{
  "version": 4,
  "terraform_version": "1.3.7",
  "serial": 68,
  "lineage": "06b55b8b-5e39-5ac2-312f-d3e3c8adc902",
  "outputs": {
    "location": {
      "value": "eastus",
      "type": "string"
    },
    "resource_group_name": {
      "value": "terratest-storage-rg-mugpao",
      "type": "string"
    },
    "storage_account_account_kind": {
      "value": "StorageV2",
      "type": "string"
    },
    "storage_account_account_tier": {
      "value": "Standard",
      "type": "string"
    },
    "storage_account_name": {
      "value": "storagemugpao",
      "type": "string"
    },
    "storage_container_name": {
      "value": "container1",
      "type": "string"
    }
  },
  "resources": [
    {
      "mode": "managed",
      "type": "azurerm_resource_group",
      "name": "resource_group",
      "provider": "provider[\"registry.terraform.io/hashicorp/azurerm\"]",
      "instances": [
        {
          "schema_version": 0,
          "attributes": {
            "id": "/subscriptions/504e5644-cb2a-46d9-9d35-7b4c4f06d4b7/resourceGroups/terratest-storage-rg-mugpao",
            "location": "eastus",
            "name": "terratest-storage-rg-mugpao",
            "tags": null,
            "timeouts": null
          },
          "sensitive_attributes": [],
          "private": "eyJlMmJmYjczMC1lY2FhLTExZTYtOGY4OC0zNDM2M2JjN2M0YzAiOnsiY3JlYXRlIjo1NDAwMDAwMDAwMDAwLCJkZWxldGUiOjU0MDAwMDAwMDAwMDAsInJlYWQiOjMwMDAwMDAwMDAwMCwidXBkYXRlIjo1NDAwMDAwMDAwMDAwfX0="
        }
      ]
    },
    {
      "mode": "managed",
      "type": "azurerm_storage_account",
      "name": "storage_account",
      "provider": "provider[\"registry.terraform.io/hashicorp/azurerm\"]",
      "instances": [
        {
          "schema_version": 2,
          "attributes": {
            "access_tier": "Hot",
            "account_kind": "StorageV2",
            "account_replication_type": "LRS",
            "account_tier": "Standard",
            "allow_blob_public_access": false,
            "azure_files_authentication": [],
            "blob_properties": [
              {
                "change_feed_enabled": false,
                "container_delete_retention_policy": [],
                "cors_rule": [],
                "default_service_version": "",
                "delete_retention_policy": [],
                "last_access_time_enabled": false,
                "versioning_enabled": false
              }
            ],
            "custom_domain": [],
            "customer_managed_key": [],
            "enable_https_traffic_only": true,
            "id": "/subscriptions/504e5644-cb2a-46d9-9d35-7b4c4f06d4b7/resourceGroups/terratest-storage-rg-mugpao/providers/Microsoft.Storage/storageAccounts/storagemugpao",
            "identity": [],
            "infrastructure_encryption_enabled": false,
            "is_hns_enabled": false,
            "large_file_share_enabled": null,
            "location": "eastus",
            "min_tls_version": "TLS1_0",
            "name": "storagemugpao",
            "network_rules": [
              {
                "bypass": [
                  "AzureServices"
                ],
                "default_action": "Allow",
                "ip_rules": [],
                "private_link_access": [],
                "virtual_network_subnet_ids": []
              }
            ],
            "nfsv3_enabled": false,
            "primary_access_key": "D21FLHCDn7tsV5XHyjC4HJmCHkyVB5rGDH+kxOelSspC2vMzXsO/N2/WIHTHSiR60hzFBakH7+fc+AStrOElDg==",
            "primary_blob_connection_string": "DefaultEndpointsProtocol=https;BlobEndpoint=https://storagemugpao.blob.core.windows.net/;AccountName=storagemugpao;AccountKey=D21FLHCDn7tsV5XHyjC4HJmCHkyVB5rGDH+kxOelSspC2vMzXsO/N2/WIHTHSiR60hzFBakH7+fc+AStrOElDg==",
            "primary_blob_endpoint": "https://storagemugpao.blob.core.windows.net/",
            "primary_blob_host": "storagemugpao.blob.core.windows.net",
            "primary_connection_string": "DefaultEndpointsProtocol=https;AccountName=storagemugpao;AccountKey=D21FLHCDn7tsV5XHyjC4HJmCHkyVB5rGDH+kxOelSspC2vMzXsO/N2/WIHTHSiR60hzFBakH7+fc+AStrOElDg==;EndpointSuffix=core.windows.net",
            "primary_dfs_endpoint": "https://storagemugpao.dfs.core.windows.net/",
            "primary_dfs_host": "storagemugpao.dfs.core.windows.net",
            "primary_file_endpoint": "https://storagemugpao.file.core.windows.net/",
            "primary_file_host": "storagemugpao.file.core.windows.net",
            "primary_location": "eastus",
            "primary_queue_endpoint": "https://storagemugpao.queue.core.windows.net/",
            "primary_queue_host": "storagemugpao.queue.core.windows.net",
            "primary_table_endpoint": "https://storagemugpao.table.core.windows.net/",
            "primary_table_host": "storagemugpao.table.core.windows.net",
            "primary_web_endpoint": "https://storagemugpao.z13.web.core.windows.net/",
            "primary_web_host": "storagemugpao.z13.web.core.windows.net",
            "queue_encryption_key_type": "Service",
            "queue_properties": [
              {
                "cors_rule": [],
                "hour_metrics": [
                  {
                    "enabled": true,
                    "include_apis": true,
                    "retention_policy_days": 7,
                    "version": "1.0"
                  }
                ],
                "logging": [
                  {
                    "delete": false,
                    "read": false,
                    "retention_policy_days": 0,
                    "version": "1.0",
                    "write": false
                  }
                ],
                "minute_metrics": [
                  {
                    "enabled": false,
                    "include_apis": false,
                    "retention_policy_days": 0,
                    "version": "1.0"
                  }
                ]
              }
            ],
            "resource_group_name": "terratest-storage-rg-mugpao",
            "routing": [],
            "secondary_access_key": "L3wDZDp7arWGDNw/u5vSqGpM9j/zroHJ1PVKHLEpRse+Su1ZdRUgjJ98Ljfb6+KEfmzeyoOu82D/+ASt/oWvlg==",
            "secondary_blob_connection_string": "",
            "secondary_blob_endpoint": null,
            "secondary_blob_host": null,
            "secondary_connection_string": "DefaultEndpointsProtocol=https;AccountName=storagemugpao;AccountKey=L3wDZDp7arWGDNw/u5vSqGpM9j/zroHJ1PVKHLEpRse+Su1ZdRUgjJ98Ljfb6+KEfmzeyoOu82D/+ASt/oWvlg==;EndpointSuffix=core.windows.net",
            "secondary_dfs_endpoint": null,
            "secondary_dfs_host": null,
            "secondary_file_endpoint": null,
            "secondary_file_host": null,
            "secondary_location": "",
            "secondary_queue_endpoint": null,
            "secondary_queue_host": null,
            "secondary_table_endpoint": null,
            "secondary_table_host": null,
            "secondary_web_endpoint": null,
            "secondary_web_host": null,
            "share_properties": [
              {
                "cors_rule": [],
                "retention_policy": [
                  {
                    "days": 7
                  }
                ],
                "smb": []
              }
            ],
            "shared_access_key_enabled": true,
            "static_website": [],
            "table_encryption_key_type": "Service",
            "tags": null,
            "timeouts": null
          },
          "sensitive_attributes": [],
          "private": "eyJlMmJmYjczMC1lY2FhLTExZTYtOGY4OC0zNDM2M2JjN2M0YzAiOnsiY3JlYXRlIjozNjAwMDAwMDAwMDAwLCJkZWxldGUiOjM2MDAwMDAwMDAwMDAsInJlYWQiOjMwMDAwMDAwMDAwMCwidXBkYXRlIjozNjAwMDAwMDAwMDAwfSwic2NoZW1hX3ZlcnNpb24iOiIyIn0=",
          "dependencies": [
            "azurerm_resource_group.resource_group"
          ]
        }
      ]
    },
    {
      "mode": "managed",
      "type": "azurerm_storage_container",
      "name": "container",
      "provider": "provider[\"registry.terraform.io/hashicorp/azurerm\"]",
      "instances": [
        {
          "schema_version": 1,
          "attributes": {
            "container_access_type": "private",
            "has_immutability_policy": false,
            "has_legal_hold": false,
            "id": "https://storagemugpao.blob.core.windows.net/container1",
            "metadata": {},
            "name": "container1",
            "resource_manager_id": "/subscriptions/504e5644-cb2a-46d9-9d35-7b4c4f06d4b7/resourceGroups/terratest-storage-rg-mugpao/providers/Microsoft.Storage/storageAccounts/storagemugpao/blobServices/default/containers/container1",
            "storage_account_name": "storagemugpao",
            "timeouts": null
          },
          "sensitive_attributes": [],
          "private": "eyJlMmJmYjczMC1lY2FhLTExZTYtOGY4OC0zNDM2M2JjN2M0YzAiOnsiY3JlYXRlIjoxODAwMDAwMDAwMDAwLCJkZWxldGUiOjE4MDAwMDAwMDAwMDAsInJlYWQiOjMwMDAwMDAwMDAwMCwidXBkYXRlIjoxODAwMDAwMDAwMDAwfSwic2NoZW1hX3ZlcnNpb24iOiIxIn0=",
          "dependencies": [
            "azurerm_resource_group.resource_group",
            "azurerm_storage_account.storage_account"
          ]
        }
      ]
    }
  ],
  "check_results": null
}
